<Solution>
  <Folder Name="/Exercise01/">
    <Project Path="ejem01/EvenOrOddNumber.csproj" />
  </Folder>
  <Folder Name="/Exercise02/">
    <Project Path="TheGreathesNumber/TheGreathesNumber.csproj" Id="e5f1bdc9-a4ce-4979-b81d-952466aab74e" />
  </Folder>
  <Folder Name="/Exercise03/">
    <Project Path="SortNumbers/SortNumbers.csproj" Id="7bcdfcac-b536-48a5-99b4-2fee4bf5ca39" />
  </Folder>
  <Folder Name="/Exercise04/">
    <Project Path="IsMultipleOfAnother/IsMultipleOfAnother.csproj" Id="32cc8ddc-8c3c-42fd-9dc0-44766b688757" />
  </Folder>
  <Folder Name="/Exercise05/">
    <Project Path="IsLeapYear/IsLeapYear.csproj" Id="195d7139-8c2f-4727-87f7-23b9eefe9617" />
  </Folder>
  <Folder Name="/Exercise06/">
    <Project Path="SimplePayRoll/SimplePayRoll.csproj" Id="dd4718cd-fe07-4ce1-87c4-a3382f3815a4" />
  </Folder>
  <Folder Name="/Exercise07/">
    <Project Path="Discount/Discount.csproj" Id="0e7f81df-67cb-4867-bd3b-f30207b8aeb6" />
  </Folder>
  <Folder Name="/Exercise08/">
    <Project Path="RegistrationValue/RegistrationValue.csproj" Id="6e20299f-8797-4242-8a28-633c38720c0d" />
  </Folder>
  <Folder Name="/Exercise09/">
    <Project Path="Shipping/Shipping.csproj" Id="0375440c-3336-4b44-a39c-f26bbcc1c8a5" />
  </Folder>
  <Folder Name="/Exercise10/">
    <Project Path="SucesoStore/SucesoStore.csproj" Id="cebaceee-1618-4082-b70a-b18797be77df" />
  </Folder>
  <Folder Name="/Exercise11/">
    <Project Path="TransportationCompany/TransportationCompany.csproj" Id="5843b1be-0d41-41fa-94d2-c32a0d2fe0d7" />
  </Folder>
  <Folder Name="/Exercise12/">
    <Project Path="SumAndAverage/SumAndAverage.csproj" Id="6b821a5c-32be-4bc2-ae0d-e6e645c9e60b" />
  </Folder>
  <Folder Name="/Shared/">
    <Project Path="../../../../../../ProjectslogicConcepts/LogicConcepts/Shared/Shared.csproj" />
  </Folder>
</Solution>
